
Microsoft Visual Studio Solution File, Format Version 12.00
# Visual Studio Version 17
VisualStudioVersion = 17.8.34525.116
MinimumVisualStudioVersion = 10.0.40219.1
Project("{FAE04EC0-301F-11D3-BF4B-00C04F79EFBC}") = "API", "API.csproj", "{BC0567C0-E0F6-4DB2-8E67-44B8132109E1}"
EndProject
Global
	GlobalSection(SolutionConfigurationPlatforms) = preSolution
		Debug|Any CPU = Debug|Any CPU
		Release|Any CPU = Release|Any CPU
	EndGlobalSection
	GlobalSection(ProjectConfigurationPlatforms) = postSolution
		{BC0567C0-E0F6-4DB2-8E67-44B8132109E1}.Debug|Any CPU.ActiveCfg = Debug|Any CPU
		{BC0567C0-E0F6-4DB2-8E67-44B8132109E1}.Debug|Any CPU.Build.0 = Debug|Any CPU
		{BC0567C0-E0F6-4DB2-8E67-44B8132109E1}.Release|Any CPU.ActiveCfg = Release|Any CPU
		{BC0567C0-E0F6-4DB2-8E67-44B8132109E1}.Release|Any CPU.Build.0 = Release|Any CPU
	EndGlobalSection
	GlobalSection(SolutionProperties) = preSolution
		HideSolutionNode = FALSE
	EndGlobalSection
	GlobalSection(ExtensibilityGlobals) = postSolution
		SolutionGuid = {9F079D58-01C8-40A2-8899-D044938DE9AE}
	EndGlobalSection
EndGlobal
